
Microsoft Visual Studio Solution File, Format Version 12.00
# Visual Studio Version 17
VisualStudioVersion = 17.14.36401.2 d17.14
MinimumVisualStudioVersion = 10.0.40219.1
Project("{FAE04EC0-301F-11D3-BF4B-00C04F79EFBC}") = "Bai 1", "Bai 1\Bai 1.csproj", "{2B2F1534-D74F-48C2-8731-FBBD985CA9AF}"
EndProject
Project("{FAE04EC0-301F-11D3-BF4B-00C04F79EFBC}") = "Bai 02", "Bai 02\Bai 02.csproj", "{FF40A71C-0673-49B6-BE80-1301E74F5055}"
EndProject
Project("{FAE04EC0-301F-11D3-BF4B-00C04F79EFBC}") = "Bai 3", "Bai 3\Bai 3.csproj", "{A878B63A-CAEC-487A-A4C3-650D51F6CAC1}"
EndProject
Global
	GlobalSection(SolutionConfigurationPlatforms) = preSolution
		Debug|Any CPU = Debug|Any CPU
		Release|Any CPU = Release|Any CPU
	EndGlobalSection
	GlobalSection(ProjectConfigurationPlatforms) = postSolution
		{2B2F1534-D74F-48C2-8731-FBBD985CA9AF}.Debug|Any CPU.ActiveCfg = Debug|Any CPU
		{2B2F1534-D74F-48C2-8731-FBBD985CA9AF}.Debug|Any CPU.Build.0 = Debug|Any CPU
		{2B2F1534-D74F-48C2-8731-FBBD985CA9AF}.Release|Any CPU.ActiveCfg = Release|Any CPU
		{2B2F1534-D74F-48C2-8731-FBBD985CA9AF}.Release|Any CPU.Build.0 = Release|Any CPU
		{FF40A71C-0673-49B6-BE80-1301E74F5055}.Debug|Any CPU.ActiveCfg = Debug|Any CPU
		{FF40A71C-0673-49B6-BE80-1301E74F5055}.Debug|Any CPU.Build.0 = Debug|Any CPU
		{FF40A71C-0673-49B6-BE80-1301E74F5055}.Release|Any CPU.ActiveCfg = Release|Any CPU
		{FF40A71C-0673-49B6-BE80-1301E74F5055}.Release|Any CPU.Build.0 = Release|Any CPU
		{A878B63A-CAEC-487A-A4C3-650D51F6CAC1}.Debug|Any CPU.ActiveCfg = Debug|Any CPU
		{A878B63A-CAEC-487A-A4C3-650D51F6CAC1}.Debug|Any CPU.Build.0 = Debug|Any CPU
		{A878B63A-CAEC-487A-A4C3-650D51F6CAC1}.Release|Any CPU.ActiveCfg = Release|Any CPU
		{A878B63A-CAEC-487A-A4C3-650D51F6CAC1}.Release|Any CPU.Build.0 = Release|Any CPU
	EndGlobalSection
	GlobalSection(SolutionProperties) = preSolution
		HideSolutionNode = FALSE
	EndGlobalSection
	GlobalSection(ExtensibilityGlobals) = postSolution
		SolutionGuid = {4008EF58-651B-46C7-A43F-1B74C90B9171}
	EndGlobalSection
EndGlobal
